// !$*UTF8*$!
{
	archiveVersion = 1;
	classes = {
	};
	objectVersion = 52;
	objects = {

/* Begin PBXBuildFile section */
		C74A2DD025AC3A1500A552CD /* DeveloperKeyboardApp.swift in Sources */ = {isa = PBXBuildFile; fileRef = C74A2DCF25AC3A1500A552CD /* DeveloperKeyboardApp.swift */; };
		C74A2DD225AC3A1500A552CD /* ContentView.swift in Sources */ = {isa = PBXBuildFile; fileRef = C74A2DD125AC3A1500A552CD /* ContentView.swift */; };
		C74A2DD425AC3A1600A552CD /* Assets.xcassets in Resources */ = {isa = PBXBuildFile; fileRef = C74A2DD325AC3A1600A552CD /* Assets.xcassets */; };
		C74A2DD725AC3A1600A552CD /* Preview Assets.xcassets in Resources */ = {isa = PBXBuildFile; fileRef = C74A2DD625AC3A1600A552CD /* Preview Assets.xcassets */; };
		C74A2DE825AC3B4400A552CD /* KeyboardViewController.swift in Sources */ = {isa = PBXBuildFile; fileRef = C74A2DE725AC3B4400A552CD /* KeyboardViewController.swift */; };
		C74A2DEC25AC3B4400A552CD /* Developer.appex in Embed App Extensions */ = {isa = PBXBuildFile; fileRef = C74A2DE525AC3B4400A552CD /* Developer.appex */; settings = {ATTRIBUTES = (RemoveHeadersOnCopy, ); }; };
		C74A2DF725AC3BEA00A552CD /* SwiftUIX in Frameworks */ = {isa = PBXBuildFile; productRef = C74A2DF625AC3BEA00A552CD /* SwiftUIX */; };
		C74A2DFB25AC3C5300A552CD /* InputViewModel.swift in Sources */ = {isa = PBXBuildFile; fileRef = C74A2DFA25AC3C5300A552CD /* InputViewModel.swift */; };
		C74A2DFF25AC3E5F00A552CD /* KeyboardView.swift in Sources */ = {isa = PBXBuildFile; fileRef = C74A2DFE25AC3E5F00A552CD /* KeyboardView.swift */; };
		C74A2E0325AC44A200A552CD /* InputModeControl.swift in Sources */ = {isa = PBXBuildFile; fileRef = C74A2E0225AC44A200A552CD /* InputModeControl.swift */; };
/* End PBXBuildFile section */

/* Begin PBXContainerItemProxy section */
		C74A2DEA25AC3B4400A552CD /* PBXContainerItemProxy */ = {
			isa = PBXContainerItemProxy;
			containerPortal = C74A2DC425AC3A1500A552CD /* Project object */;
			proxyType = 1;
			remoteGlobalIDString = C74A2DE425AC3B4400A552CD;
			remoteInfo = Developer;
		};
/* End PBXContainerItemProxy section */

/* Begin PBXCopyFilesBuildPhase section */
		C74A2DF025AC3B4500A552CD /* Embed App Extensions */ = {
			isa = PBXCopyFilesBuildPhase;
			buildActionMask = 2147483647;
			dstPath = "";
			dstSubfolderSpec = 13;
			files = (
				C74A2DEC25AC3B4400A552CD /* Developer.appex in Embed App Extensions */,
			);
			name = "Embed App Extensions";
			runOnlyForDeploymentPostprocessing = 0;
		};
/* End PBXCopyFilesBuildPhase section */

/* Begin PBXFileReference section */
		C74A2DCC25AC3A1500A552CD /* DeveloperKeyboard.app */ = {isa = PBXFileReference; explicitFileType = wrapper.application; includeInIndex = 0; path = DeveloperKeyboard.app; sourceTree = BUILT_PRODUCTS_DIR; };
		C74A2DCF25AC3A1500A552CD /* DeveloperKeyboardApp.swift */ = {isa = PBXFileReference; lastKnownFileType = sourcecode.swift; path = DeveloperKeyboardApp.swift; sourceTree = "<group>"; };
		C74A2DD125AC3A1500A552CD /* ContentView.swift */ = {isa = PBXFileReference; lastKnownFileType = sourcecode.swift; path = ContentView.swift; sourceTree = "<group>"; };
		C74A2DD325AC3A1600A552CD /* Assets.xcassets */ = {isa = PBXFileReference; lastKnownFileType = folder.assetcatalog; path = Assets.xcassets; sourceTree = "<group>"; };
		C74A2DD625AC3A1600A552CD /* Preview Assets.xcassets */ = {isa = PBXFileReference; lastKnownFileType = folder.assetcatalog; path = "Preview Assets.xcassets"; sourceTree = "<group>"; };
		C74A2DD825AC3A1600A552CD /* Info.plist */ = {isa = PBXFileReference; lastKnownFileType = text.plist.xml; path = Info.plist; sourceTree = "<group>"; };
		C74A2DE025AC3ADB00A552CD /* README.md */ = {isa = PBXFileReference; lastKnownFileType = net.daringfireball.markdown; path = README.md; sourceTree = "<group>"; };
		C74A2DE525AC3B4400A552CD /* Developer.appex */ = {isa = PBXFileReference; explicitFileType = "wrapper.app-extension"; includeInIndex = 0; path = Developer.appex; sourceTree = BUILT_PRODUCTS_DIR; };
		C74A2DE725AC3B4400A552CD /* KeyboardViewController.swift */ = {isa = PBXFileReference; lastKnownFileType = sourcecode.swift; path = KeyboardViewController.swift; sourceTree = "<group>"; };
		C74A2DE925AC3B4400A552CD /* Info.plist */ = {isa = PBXFileReference; lastKnownFileType = text.plist.xml; path = Info.plist; sourceTree = "<group>"; };
		C74A2DFA25AC3C5300A552CD /* InputViewModel.swift */ = {isa = PBXFileReference; lastKnownFileType = sourcecode.swift; path = InputViewModel.swift; sourceTree = "<group>"; };
		C74A2DFE25AC3E5F00A552CD /* KeyboardView.swift */ = {isa = PBXFileReference; lastKnownFileType = sourcecode.swift; path = KeyboardView.swift; sourceTree = "<group>"; };
		C74A2E0225AC44A200A552CD /* InputModeControl.swift */ = {isa = PBXFileReference; lastKnownFileType = sourcecode.swift; path = InputModeControl.swift; sourceTree = "<group>"; };
/* End PBXFileReference section */

/* Begin PBXFrameworksBuildPhase section */
		C74A2DC925AC3A1500A552CD /* Frameworks */ = {
			isa = PBXFrameworksBuildPhase;
			buildActionMask = 2147483647;
			files = (
			);
			runOnlyForDeploymentPostprocessing = 0;
		};
		C74A2DE225AC3B4400A552CD /* Frameworks */ = {
			isa = PBXFrameworksBuildPhase;
			buildActionMask = 2147483647;
			files = (
				C74A2DF725AC3BEA00A552CD /* SwiftUIX in Frameworks */,
			);
			runOnlyForDeploymentPostprocessing = 0;
		};
/* End PBXFrameworksBuildPhase section */

/* Begin PBXGroup section */
		C74A2DC325AC3A1500A552CD = {
			isa = PBXGroup;
			children = (
				C74A2DE025AC3ADB00A552CD /* README.md */,
				C74A2DCE25AC3A1500A552CD /* DeveloperKeyboard */,
				C74A2DE625AC3B4400A552CD /* Developer */,
				C74A2DCD25AC3A1500A552CD /* Products */,
			);
			sourceTree = "<group>";
		};
		C74A2DCD25AC3A1500A552CD /* Products */ = {
			isa = PBXGroup;
			children = (
				C74A2DCC25AC3A1500A552CD /* DeveloperKeyboard.app */,
				C74A2DE525AC3B4400A552CD /* Developer.appex */,
			);
			name = Products;
			sourceTree = "<group>";
		};
		C74A2DCE25AC3A1500A552CD /* DeveloperKeyboard */ = {
			isa = PBXGroup;
			children = (
				C74A2DCF25AC3A1500A552CD /* DeveloperKeyboardApp.swift */,
				C74A2DD125AC3A1500A552CD /* ContentView.swift */,
				C74A2DD325AC3A1600A552CD /* Assets.xcassets */,
				C74A2DD825AC3A1600A552CD /* Info.plist */,
				C74A2DD525AC3A1600A552CD /* Preview Content */,
			);
			path = DeveloperKeyboard;
			sourceTree = "<group>";
		};
		C74A2DD525AC3A1600A552CD /* Preview Content */ = {
			isa = PBXGroup;
			children = (
				C74A2DD625AC3A1600A552CD /* Preview Assets.xcassets */,
			);
			path = "Preview Content";
			sourceTree = "<group>";
		};
		C74A2DE625AC3B4400A552CD /* Developer */ = {
			isa = PBXGroup;
			children = (
				C74A2DE725AC3B4400A552CD /* KeyboardViewController.swift */,
				C74A2DFA25AC3C5300A552CD /* InputViewModel.swift */,
				C74A2DFE25AC3E5F00A552CD /* KeyboardView.swift */,
				C74A2E0225AC44A200A552CD /* InputModeControl.swift */,
				C74A2DE925AC3B4400A552CD /* Info.plist */,
			);
			path = Developer;
			sourceTree = "<group>";
		};
/* End PBXGroup section */

/* Begin PBXNativeTarget section */
		C74A2DCB25AC3A1500A552CD /* DeveloperKeyboard */ = {
			isa = PBXNativeTarget;
			buildConfigurationList = C74A2DDB25AC3A1600A552CD /* Build configuration list for PBXNativeTarget "DeveloperKeyboard" */;
			buildPhases = (
				C74A2DC825AC3A1500A552CD /* Sources */,
				C74A2DC925AC3A1500A552CD /* Frameworks */,
				C74A2DCA25AC3A1500A552CD /* Resources */,
				C74A2DF025AC3B4500A552CD /* Embed App Extensions */,
			);
			buildRules = (
			);
			dependencies = (
				C74A2DEB25AC3B4400A552CD /* PBXTargetDependency */,
			);
			name = DeveloperKeyboard;
			productName = DeveloperKeyboard;
			productReference = C74A2DCC25AC3A1500A552CD /* DeveloperKeyboard.app */;
			productType = "com.apple.product-type.application";
		};
		C74A2DE425AC3B4400A552CD /* Developer */ = {
			isa = PBXNativeTarget;
			buildConfigurationList = C74A2DED25AC3B4500A552CD /* Build configuration list for PBXNativeTarget "Developer" */;
			buildPhases = (
				C74A2DE125AC3B4400A552CD /* Sources */,
				C74A2DE225AC3B4400A552CD /* Frameworks */,
				C74A2DE325AC3B4400A552CD /* Resources */,
			);
			buildRules = (
			);
			dependencies = (
			);
			name = Developer;
			packageProductDependencies = (
				C74A2DF625AC3BEA00A552CD /* SwiftUIX */,
			);
			productName = Developer;
			productReference = C74A2DE525AC3B4400A552CD /* Developer.appex */;
			productType = "com.apple.product-type.app-extension";
		};
/* End PBXNativeTarget section */

/* Begin PBXProject section */
		C74A2DC425AC3A1500A552CD /* Project object */ = {
			isa = PBXProject;
			attributes = {
				LastSwiftUpdateCheck = 1220;
				LastUpgradeCheck = 1220;
				TargetAttributes = {
					C74A2DCB25AC3A1500A552CD = {
						CreatedOnToolsVersion = 12.2;
					};
					C74A2DE425AC3B4400A552CD = {
						CreatedOnToolsVersion = 12.2;
					};
				};
			};
			buildConfigurationList = C74A2DC725AC3A1500A552CD /* Build configuration list for PBXProject "DeveloperKeyboard" */;
			compatibilityVersion = "Xcode 9.3";
			developmentRegion = en;
			hasScannedForEncodings = 0;
			knownRegions = (
				en,
				Base,
			);
			mainGroup = C74A2DC325AC3A1500A552CD;
			packageReferences = (
				C74A2DF525AC3BEA00A552CD /* XCRemoteSwiftPackageReference "SwiftUIX" */,
			);
			productRefGroup = C74A2DCD25AC3A1500A552CD /* Products */;
			projectDirPath = "";
			projectRoot = "";
			targets = (
				C74A2DCB25AC3A1500A552CD /* DeveloperKeyboard */,
				C74A2DE425AC3B4400A552CD /* Developer */,
			);
		};
/* End PBXProject section */

/* Begin PBXResourcesBuildPhase section */
		C74A2DCA25AC3A1500A552CD /* Resources */ = {
			isa = PBXResourcesBuildPhase;
			buildActionMask = 2147483647;
			files = (
				C74A2DD725AC3A1600A552CD /* Preview Assets.xcassets in Resources */,
				C74A2DD425AC3A1600A552CD /* Assets.xcassets in Resources */,
			);
			runOnlyForDeploymentPostprocessing = 0;
		};
		C74A2DE325AC3B4400A552CD /* Resources */ = {
			isa = PBXResourcesBuildPhase;
			buildActionMask = 2147483647;
			files = (
			);
			runOnlyForDeploymentPostprocessing = 0;
		};
/* End PBXResourcesBuildPhase section */

/* Begin PBXSourcesBuildPhase section */
		C74A2DC825AC3A1500A552CD /* Sources */ = {
			isa = PBXSourcesBuildPhase;
			buildActionMask = 2147483647;
			files = (
				C74A2DD225AC3A1500A552CD /* ContentView.swift in Sources */,
				C74A2DD025AC3A1500A552CD /* DeveloperKeyboardApp.swift in Sources */,
			);
			runOnlyForDeploymentPostprocessing = 0;
		};
		C74A2DE125AC3B4400A552CD /* Sources */ = {
			isa = PBXSourcesBuildPhase;
			buildActionMask = 2147483647;
			files = (
				C74A2DFF25AC3E5F00A552CD /* KeyboardView.swift in Sources */,
				C74A2E0325AC44A200A552CD /* InputModeControl.swift in Sources */,
				C74A2DE825AC3B4400A552CD /* KeyboardViewController.swift in Sources */,
				C74A2DFB25AC3C5300A552CD /* InputViewModel.swift in Sources */,
			);
			runOnlyForDeploymentPostprocessing = 0;
		};
/* End PBXSourcesBuildPhase section */

/* Begin PBXTargetDependency section */
		C74A2DEB25AC3B4400A552CD /* PBXTargetDependency */ = {
			isa = PBXTargetDependency;
			target = C74A2DE425AC3B4400A552CD /* Developer */;
			targetProxy = C74A2DEA25AC3B4400A552CD /* PBXContainerItemProxy */;
		};
/* End PBXTargetDependency section */

/* Begin XCBuildConfiguration section */
		C74A2DD925AC3A1600A552CD /* Debug */ = {
			isa = XCBuildConfiguration;
			buildSettings = {
				ALWAYS_SEARCH_USER_PATHS = NO;
				CLANG_ANALYZER_NONNULL = YES;
				CLANG_ANALYZER_NUMBER_OBJECT_CONVERSION = YES_AGGRESSIVE;
				CLANG_CXX_LANGUAGE_STANDARD = "gnu++14";
				CLANG_CXX_LIBRARY = "libc++";
				CLANG_ENABLE_MODULES = YES;
				CLANG_ENABLE_OBJC_ARC = YES;
				CLANG_ENABLE_OBJC_WEAK = YES;
				CLANG_WARN_BLOCK_CAPTURE_AUTORELEASING = YES;
				CLANG_WARN_BOOL_CONVERSION = YES;
				CLANG_WARN_COMMA = YES;
				CLANG_WARN_CONSTANT_CONVERSION = YES;
				CLANG_WARN_DEPRECATED_OBJC_IMPLEMENTATIONS = YES;
				CLANG_WARN_DIRECT_OBJC_ISA_USAGE = YES_ERROR;
				CLANG_WARN_DOCUMENTATION_COMMENTS = YES;
				CLANG_WARN_EMPTY_BODY = YES;
				CLANG_WARN_ENUM_CONVERSION = YES;
				CLANG_WARN_INFINITE_RECURSION = YES;
				CLANG_WARN_INT_CONVERSION = YES;
				CLANG_WARN_NON_LITERAL_NULL_CONVERSION = YES;
				CLANG_WARN_OBJC_IMPLICIT_RETAIN_SELF = YES;
				CLANG_WARN_OBJC_LITERAL_CONVERSION = YES;
				CLANG_WARN_OBJC_ROOT_CLASS = YES_ERROR;
				CLANG_WARN_QUOTED_INCLUDE_IN_FRAMEWORK_HEADER = YES;
				CLANG_WARN_RANGE_LOOP_ANALYSIS = YES;
				CLANG_WARN_STRICT_PROTOTYPES = YES;
				CLANG_WARN_SUSPICIOUS_MOVE = YES;
				CLANG_WARN_UNGUARDED_AVAILABILITY = YES_AGGRESSIVE;
				CLANG_WARN_UNREACHABLE_CODE = YES;
				CLANG_WARN__DUPLICATE_METHOD_MATCH = YES;
				COPY_PHASE_STRIP = NO;
				DEBUG_INFORMATION_FORMAT = dwarf;
				ENABLE_STRICT_OBJC_MSGSEND = YES;
				ENABLE_TESTABILITY = YES;
				GCC_C_LANGUAGE_STANDARD = gnu11;
				GCC_DYNAMIC_NO_PIC = NO;
				GCC_NO_COMMON_BLOCKS = YES;
				GCC_OPTIMIZATION_LEVEL = 0;
				GCC_PREPROCESSOR_DEFINITIONS = (
					"DEBUG=1",
					"$(inherited)",
				);
				GCC_WARN_64_TO_32_BIT_CONVERSION = YES;
				GCC_WARN_ABOUT_RETURN_TYPE = YES_ERROR;
				GCC_WARN_UNDECLARED_SELECTOR = YES;
				GCC_WARN_UNINITIALIZED_AUTOS = YES_AGGRESSIVE;
				GCC_WARN_UNUSED_FUNCTION = YES;
				GCC_WARN_UNUSED_VARIABLE = YES;
				IPHONEOS_DEPLOYMENT_TARGET = 14.2;
				MTL_ENABLE_DEBUG_INFO = INCLUDE_SOURCE;
				MTL_FAST_MATH = YES;
				ONLY_ACTIVE_ARCH = YES;
				SDKROOT = iphoneos;
				SWIFT_ACTIVE_COMPILATION_CONDITIONS = DEBUG;
				SWIFT_OPTIMIZATION_LEVEL = "-Onone";
			};
			name = Debug;
		};
		C74A2DDA25AC3A1600A552CD /* Release */ = {
			isa = XCBuildConfiguration;
			buildSettings = {
				ALWAYS_SEARCH_USER_PATHS = NO;
				CLANG_ANALYZER_NONNULL = YES;
				CLANG_ANALYZER_NUMBER_OBJECT_CONVERSION = YES_AGGRESSIVE;
				CLANG_CXX_LANGUAGE_STANDARD = "gnu++14";
				CLANG_CXX_LIBRARY = "libc++";
				CLANG_ENABLE_MODULES = YES;
				CLANG_ENABLE_OBJC_ARC = YES;
				CLANG_ENABLE_OBJC_WEAK = YES;
				CLANG_WARN_BLOCK_CAPTURE_AUTORELEASING = YES;
				CLANG_WARN_BOOL_CONVERSION = YES;
				CLANG_WARN_COMMA = YES;
				CLANG_WARN_CONSTANT_CONVERSION = YES;
				CLANG_WARN_DEPRECATED_OBJC_IMPLEMENTATIONS = YES;
				CLANG_WARN_DIRECT_OBJC_ISA_USAGE = YES_ERROR;
				CLANG_WARN_DOCUMENTATION_COMMENTS = YES;
				CLANG_WARN_EMPTY_BODY = YES;
				CLANG_WARN_ENUM_CONVERSION = YES;
				CLANG_WARN_INFINITE_RECURSION = YES;
				CLANG_WARN_INT_CONVERSION = YES;
				CLANG_WARN_NON_LITERAL_NULL_CONVERSION = YES;
				CLANG_WARN_OBJC_IMPLICIT_RETAIN_SELF = YES;
				CLANG_WARN_OBJC_LITERAL_CONVERSION = YES;
				CLANG_WARN_OBJC_ROOT_CLASS = YES_ERROR;
				CLANG_WARN_QUOTED_INCLUDE_IN_FRAMEWORK_HEADER = YES;
				CLANG_WARN_RANGE_LOOP_ANALYSIS = YES;
				CLANG_WARN_STRICT_PROTOTYPES = YES;
				CLANG_WARN_SUSPICIOUS_MOVE = YES;
				CLANG_WARN_UNGUARDED_AVAILABILITY = YES_AGGRESSIVE;
				CLANG_WARN_UNREACHABLE_CODE = YES;
				CLANG_WARN__DUPLICATE_METHOD_MATCH = YES;
				COPY_PHASE_STRIP = NO;
				DEBUG_INFORMATION_FORMAT = "dwarf-with-dsym";
				ENABLE_NS_ASSERTIONS = NO;
				ENABLE_STRICT_OBJC_MSGSEND = YES;
				GCC_C_LANGUAGE_STANDARD = gnu11;
				GCC_NO_COMMON_BLOCKS = YES;
				GCC_WARN_64_TO_32_BIT_CONVERSION = YES;
				GCC_WARN_ABOUT_RETURN_TYPE = YES_ERROR;
				GCC_WARN_UNDECLARED_SELECTOR = YES;
				GCC_WARN_UNINITIALIZED_AUTOS = YES_AGGRESSIVE;
				GCC_WARN_UNUSED_FUNCTION = YES;
				GCC_WARN_UNUSED_VARIABLE = YES;
				IPHONEOS_DEPLOYMENT_TARGET = 14.2;
				MTL_ENABLE_DEBUG_INFO = NO;
				MTL_FAST_MATH = YES;
				SDKROOT = iphoneos;
				SWIFT_COMPILATION_MODE = wholemodule;
				SWIFT_OPTIMIZATION_LEVEL = "-O";
				VALIDATE_PRODUCT = YES;
			};
			name = Release;
		};
		C74A2DDC25AC3A1600A552CD /* Debug */ = {
			isa = XCBuildConfiguration;
			buildSettings = {
				ALWAYS_EMBED_SWIFT_STANDARD_LIBRARIES = YES;
				ASSETCATALOG_COMPILER_APPICON_NAME = AppIcon;
				ASSETCATALOG_COMPILER_GLOBAL_ACCENT_COLOR_NAME = AccentColor;
				CODE_SIGN_STYLE = Automatic;
				DEVELOPMENT_ASSET_PATHS = "\"DeveloperKeyboard/Preview Content\"";
				DEVELOPMENT_TEAM = 77CB32R5F4;
				ENABLE_PREVIEWS = YES;
				INFOPLIST_FILE = DeveloperKeyboard/Info.plist;
				IPHONEOS_DEPLOYMENT_TARGET = 14.0;
				LD_RUNPATH_SEARCH_PATHS = (
					"$(inherited)",
					"@executable_path/Frameworks",
				);
				PRODUCT_BUNDLE_IDENTIFIER = com.hackinggate.DeveloperKeyboard;
				PRODUCT_NAME = "$(TARGET_NAME)";
				SWIFT_VERSION = 5.0;
				TARGETED_DEVICE_FAMILY = "1,2";
			};
			name = Debug;
		};
		C74A2DDD25AC3A1600A552CD /* Release */ = {
			isa = XCBuildConfiguration;
			buildSettings = {
				ALWAYS_EMBED_SWIFT_STANDARD_LIBRARIES = YES;
				ASSETCATALOG_COMPILER_APPICON_NAME = AppIcon;
				ASSETCATALOG_COMPILER_GLOBAL_ACCENT_COLOR_NAME = AccentColor;
				CODE_SIGN_STYLE = Automatic;
				DEVELOPMENT_ASSET_PATHS = "\"DeveloperKeyboard/Preview Content\"";
				DEVELOPMENT_TEAM = 77CB32R5F4;
				ENABLE_PREVIEWS = YES;
				INFOPLIST_FILE = DeveloperKeyboard/Info.plist;
				IPHONEOS_DEPLOYMENT_TARGET = 14.0;
				LD_RUNPATH_SEARCH_PATHS = (
					"$(inherited)",
					"@executable_path/Frameworks",
				);
				PRODUCT_BUNDLE_IDENTIFIER = com.hackinggate.DeveloperKeyboard;
				PRODUCT_NAME = "$(TARGET_NAME)";
				SWIFT_VERSION = 5.0;
				TARGETED_DEVICE_FAMILY = "1,2";
			};
			name = Release;
		};
		C74A2DEE25AC3B4500A552CD /* Debug */ = {
			isa = XCBuildConfiguration;
			buildSettings = {
				CODE_SIGN_STYLE = Automatic;
				DEVELOPMENT_TEAM = 77CB32R5F4;
				INFOPLIST_FILE = Developer/Info.plist;
				IPHONEOS_DEPLOYMENT_TARGET = 14.0;
				LD_RUNPATH_SEARCH_PATHS = (
					"$(inherited)",
					"@executable_path/Frameworks",
					"@executable_path/../../Frameworks",
				);
				PRODUCT_BUNDLE_IDENTIFIER = com.hackinggate.DeveloperKeyboard.Developer;
				PRODUCT_NAME = "$(TARGET_NAME)";
				SKIP_INSTALL = YES;
				SWIFT_VERSION = 5.0;
				TARGETED_DEVICE_FAMILY = "1,2";
			};
			name = Debug;
		};
		C74A2DEF25AC3B4500A552CD /* Release */ = {
			isa = XCBuildConfiguration;
			buildSettings = {
				CODE_SIGN_STYLE = Automatic;
				DEVELOPMENT_TEAM = 77CB32R5F4;
				INFOPLIST_FILE = Developer/Info.plist;
				IPHONEOS_DEPLOYMENT_TARGET = 14.0;
				LD_RUNPATH_SEARCH_PATHS = (
					"$(inherited)",
					"@executable_path/Frameworks",
					"@executable_path/../../Frameworks",
				);
				PRODUCT_BUNDLE_IDENTIFIER = com.hackinggate.DeveloperKeyboard.Developer;
				PRODUCT_NAME = "$(TARGET_NAME)";
				SKIP_INSTALL = YES;
				SWIFT_VERSION = 5.0;
				TARGETED_DEVICE_FAMILY = "1,2";
			};
			name = Release;
		};
/* End XCBuildConfiguration section */

/* Begin XCConfigurationList section */
		C74A2DC725AC3A1500A552CD /* Build configuration list for PBXProject "DeveloperKeyboard" */ = {
			isa = XCConfigurationList;
			buildConfigurations = (
				C74A2DD925AC3A1600A552CD /* Debug */,
				C74A2DDA25AC3A1600A552CD /* Release */,
			);
			defaultConfigurationIsVisible = 0;
			defaultConfigurationName = Release;
		};
		C74A2DDB25AC3A1600A552CD /* Build configuration list for PBXNativeTarget "DeveloperKeyboard" */ = {
			isa = XCConfigurationList;
			buildConfigurations = (
				C74A2DDC25AC3A1600A552CD /* Debug */,
				C74A2DDD25AC3A1600A552CD /* Release */,
			);
			defaultConfigurationIsVisible = 0;
			defaultConfigurationName = Release;
		};
		C74A2DED25AC3B4500A552CD /* Build configuration list for PBXNativeTarget "Developer" */ = {
			isa = XCConfigurationList;
			buildConfigurations = (
				C74A2DEE25AC3B4500A552CD /* Debug */,
				C74A2DEF25AC3B4500A552CD /* Release */,
			);
			defaultConfigurationIsVisible = 0;
			defaultConfigurationName = Release;
		};
/* End XCConfigurationList section */

/* Begin XCRemoteSwiftPackageReference section */
		C74A2DF525AC3BEA00A552CD /* XCRemoteSwiftPackageReference "SwiftUIX" */ = {
			isa = XCRemoteSwiftPackageReference;
			repositoryURL = "https://github.com/SwiftUIX/SwiftUIX.git";
			requirement = {
				kind = upToNextMajorVersion;
				minimumVersion = 0.0.5;
			};
		};
/* End XCRemoteSwiftPackageReference section */

/* Begin XCSwiftPackageProductDependency section */
		C74A2DF625AC3BEA00A552CD /* SwiftUIX */ = {
			isa = XCSwiftPackageProductDependency;
			package = C74A2DF525AC3BEA00A552CD /* XCRemoteSwiftPackageReference "SwiftUIX" */;
			productName = SwiftUIX;
		};
/* End XCSwiftPackageProductDependency section */
	};
	rootObject = C74A2DC425AC3A1500A552CD /* Project object */;
}
